
Microsoft Visual Studio Solution File, Format Version 12.00
# Visual Studio 15
VisualStudioVersion = 15.0.28010.2019
MinimumVisualStudioVersion = 10.0.40219.1
Project("{8BC9CEB8-8B4A-11D0-8D11-00A0C91BC942}") = "5.10add_one", "5.10add_one\5.10add_one.vcxproj", "{96B6B380-9EE0-412C-B317-2EA31F6A6841}"
EndProject
Global
	GlobalSection(SolutionConfigurationPlatforms) = preSolution
		Debug|x64 = Debug|x64
		Debug|x86 = Debug|x86
		Release|x64 = Release|x64
		Release|x86 = Release|x86
	EndGlobalSection
	GlobalSection(ProjectConfigurationPlatforms) = postSolution
		{96B6B380-9EE0-412C-B317-2EA31F6A6841}.Debug|x64.ActiveCfg = Debug|x64
		{96B6B380-9EE0-412C-B317-2EA31F6A6841}.Debug|x64.Build.0 = Debug|x64
		{96B6B380-9EE0-412C-B317-2EA31F6A6841}.Debug|x86.ActiveCfg = Debug|Win32
		{96B6B380-9EE0-412C-B317-2EA31F6A6841}.Debug|x86.Build.0 = Debug|Win32
		{96B6B380-9EE0-412C-B317-2EA31F6A6841}.Release|x64.ActiveCfg = Release|x64
		{96B6B380-9EE0-412C-B317-2EA31F6A6841}.Release|x64.Build.0 = Release|x64
		{96B6B380-9EE0-412C-B317-2EA31F6A6841}.Release|x86.ActiveCfg = Release|Win32
		{96B6B380-9EE0-412C-B317-2EA31F6A6841}.Release|x86.Build.0 = Release|Win32
	EndGlobalSection
	GlobalSection(SolutionProperties) = preSolution
		HideSolutionNode = FALSE
	EndGlobalSection
	GlobalSection(ExtensibilityGlobals) = postSolution
		SolutionGuid = {FC4A1186-6244-4151-9D33-DB22B4406C9F}
	EndGlobalSection
EndGlobal
