
Microsoft Visual Studio Solution File, Format Version 12.00
# Visual Studio 15
VisualStudioVersion = 15.0.28010.2019
MinimumVisualStudioVersion = 10.0.40219.1
Project("{8BC9CEB8-8B4A-11D0-8D11-00A0C91BC942}") = "overflow", "overflow\overflow.vcxproj", "{CBABC8BA-0FA0-4F5E-9EAB-3913738299F3}"
EndProject
Global
	GlobalSection(SolutionConfigurationPlatforms) = preSolution
		Debug|x64 = Debug|x64
		Debug|x86 = Debug|x86
		Release|x64 = Release|x64
		Release|x86 = Release|x86
	EndGlobalSection
	GlobalSection(ProjectConfigurationPlatforms) = postSolution
		{CBABC8BA-0FA0-4F5E-9EAB-3913738299F3}.Debug|x64.ActiveCfg = Debug|x64
		{CBABC8BA-0FA0-4F5E-9EAB-3913738299F3}.Debug|x64.Build.0 = Debug|x64
		{CBABC8BA-0FA0-4F5E-9EAB-3913738299F3}.Debug|x86.ActiveCfg = Debug|Win32
		{CBABC8BA-0FA0-4F5E-9EAB-3913738299F3}.Debug|x86.Build.0 = Debug|Win32
		{CBABC8BA-0FA0-4F5E-9EAB-3913738299F3}.Release|x64.ActiveCfg = Release|x64
		{CBABC8BA-0FA0-4F5E-9EAB-3913738299F3}.Release|x64.Build.0 = Release|x64
		{CBABC8BA-0FA0-4F5E-9EAB-3913738299F3}.Release|x86.ActiveCfg = Release|Win32
		{CBABC8BA-0FA0-4F5E-9EAB-3913738299F3}.Release|x86.Build.0 = Release|Win32
	EndGlobalSection
	GlobalSection(SolutionProperties) = preSolution
		HideSolutionNode = FALSE
	EndGlobalSection
	GlobalSection(ExtensibilityGlobals) = postSolution
		SolutionGuid = {261EE694-F1F3-410F-AC18-0A31C2535F16}
	EndGlobalSection
EndGlobal
